
Microsoft Visual Studio Solution File, Format Version 12.00
# Visual Studio Version 17
VisualStudioVersion = 17.10.35004.147
MinimumVisualStudioVersion = 10.0.40219.1
Project("{FAE04EC0-301F-11D3-BF4B-00C04F79EFBC}") = "Mvc", "Mvc\Mvc.csproj", "{52265DDB-76B2-41A5-AAE7-BA0162FB9EBF}"
EndProject
Global
	GlobalSection(SolutionConfigurationPlatforms) = preSolution
		Debug|Any CPU = Debug|Any CPU
		Release|Any CPU = Release|Any CPU
	EndGlobalSection
	GlobalSection(ProjectConfigurationPlatforms) = postSolution
		{52265DDB-76B2-41A5-AAE7-BA0162FB9EBF}.Debug|Any CPU.ActiveCfg = Debug|Any CPU
		{52265DDB-76B2-41A5-AAE7-BA0162FB9EBF}.Debug|Any CPU.Build.0 = Debug|Any CPU
		{52265DDB-76B2-41A5-AAE7-BA0162FB9EBF}.Release|Any CPU.ActiveCfg = Release|Any CPU
		{52265DDB-76B2-41A5-AAE7-BA0162FB9EBF}.Release|Any CPU.Build.0 = Release|Any CPU
	EndGlobalSection
	GlobalSection(SolutionProperties) = preSolution
		HideSolutionNode = FALSE
	EndGlobalSection
	GlobalSection(ExtensibilityGlobals) = postSolution
		SolutionGuid = {EE1DA6D6-CE8E-4720-A3C3-105BF3469E57}
	EndGlobalSection
EndGlobal
